
Microsoft Visual Studio Solution File, Format Version 12.00
# Visual Studio Version 17
VisualStudioVersion = 17.3.32825.248
MinimumVisualStudioVersion = 10.0.40219.1
Project("{8BC9CEB8-8B4A-11D0-8D11-00A0C91BC942}") = "OwnTests", "OwnTests\OwnTests.vcxproj", "{1F277D94-1126-4D8D-BF67-D1C8E1DCA7CC}"
EndProject
Global
	GlobalSection(SolutionConfigurationPlatforms) = preSolution
		Debug|x64 = Debug|x64
		Debug|x86 = Debug|x86
		Release|x64 = Release|x64
		Release|x86 = Release|x86
	EndGlobalSection
	GlobalSection(ProjectConfigurationPlatforms) = postSolution
		{1F277D94-1126-4D8D-BF67-D1C8E1DCA7CC}.Debug|x64.ActiveCfg = Debug|x64
		{1F277D94-1126-4D8D-BF67-D1C8E1DCA7CC}.Debug|x64.Build.0 = Debug|x64
		{1F277D94-1126-4D8D-BF67-D1C8E1DCA7CC}.Debug|x86.ActiveCfg = Debug|Win32
		{1F277D94-1126-4D8D-BF67-D1C8E1DCA7CC}.Debug|x86.Build.0 = Debug|Win32
		{1F277D94-1126-4D8D-BF67-D1C8E1DCA7CC}.Release|x64.ActiveCfg = Release|x64
		{1F277D94-1126-4D8D-BF67-D1C8E1DCA7CC}.Release|x64.Build.0 = Release|x64
		{1F277D94-1126-4D8D-BF67-D1C8E1DCA7CC}.Release|x86.ActiveCfg = Release|Win32
		{1F277D94-1126-4D8D-BF67-D1C8E1DCA7CC}.Release|x86.Build.0 = Release|Win32
	EndGlobalSection
	GlobalSection(SolutionProperties) = preSolution
		HideSolutionNode = FALSE
	EndGlobalSection
	GlobalSection(ExtensibilityGlobals) = postSolution
		SolutionGuid = {5F49B62E-E823-42D5-816E-EE7046D6690C}
	EndGlobalSection
EndGlobal
